
Microsoft Visual Studio Solution File, Format Version 12.00
# Visual Studio 2013
VisualStudioVersion = 12.0.30501.0
MinimumVisualStudioVersion = 10.0.40219.1
Project("{FAE04EC0-301F-11D3-BF4B-00C04F79EFBC}") = "SmartHomeServer", "SmartHomeServer\SmartHomeServer.csproj", "{037C0E18-5768-4D24-B6ED-776A2CCE5D69}"
EndProject
Global
	GlobalSection(SolutionConfigurationPlatforms) = preSolution
		Debug|Any CPU = Debug|Any CPU
		Release|Any CPU = Release|Any CPU
	EndGlobalSection
	GlobalSection(ProjectConfigurationPlatforms) = postSolution
		{037C0E18-5768-4D24-B6ED-776A2CCE5D69}.Debug|Any CPU.ActiveCfg = Debug|Any CPU
		{037C0E18-5768-4D24-B6ED-776A2CCE5D69}.Debug|Any CPU.Build.0 = Debug|Any CPU
		{037C0E18-5768-4D24-B6ED-776A2CCE5D69}.Release|Any CPU.ActiveCfg = Release|Any CPU
		{037C0E18-5768-4D24-B6ED-776A2CCE5D69}.Release|Any CPU.Build.0 = Release|Any CPU
	EndGlobalSection
	GlobalSection(SolutionProperties) = preSolution
		HideSolutionNode = FALSE
	EndGlobalSection
EndGlobal
